PODS:
  - AppAuth (1.7.5):
    - AppAuth/Core (= 1.7.5)
    - AppAuth/ExternalUserAgent (= 1.7.5)
  - AppAuth/Core (1.7.5)
  - AppAuth/ExternalUserAgent (1.7.5):
    - AppAuth/Core
  - FBAEMKit (17.0.2):
    - FBSDKCoreKit_Basics (= 17.0.2)
  - FBSDKCoreKit (17.0.2):
    - FBAEMKit (= 17.0.2)
    - FBSDKCoreKit_Basics (= 17.0.2)
  - FBSDKCoreKit_Basics (17.0.2)
  - FBSDKLoginKit (17.0.2):
    - FBSDKCoreKit (= 17.0.2)
  - Flutter (1.0.0)
  - flutter_facebook_auth (6.2.0):
    - FBSDKLoginKit (~> 17.0.0)
    - Flutter
  - flutter_secure_storage (6.0.0):
    - Flutter
  - google_maps_flutter_ios (0.0.1):
    - Flutter
    - GoogleMaps (< 9.0, >= 8.4)
  - google_sign_in_ios (0.0.1):
    - AppAuth (>= 1.7.4)
    - Flutter
    - FlutterMacOS
    - GoogleSignIn (~> 7.1)
    - GTMSessionFetcher (>= 3.4.0)
  - GoogleMaps (8.4.0):
    - GoogleMaps/Maps (= 8.4.0)
  - GoogleMaps/Base (8.4.0)
  - GoogleMaps/Maps (8.4.0):
    - GoogleMaps/Base
  - GoogleSignIn (7.1.0):
    - AppAuth (< 2.0, >= 1.7.3)
    - GTMAppAuth (< 5.0, >= 4.1.1)
    - GTMSessionFetcher/Core (~> 3.3)
  - GTMAppAuth (4.1.1):
    - AppAuth/Core (~> 1.7)
    - GTMSessionFetcher/Core (< 4.0, >= 3.3)
  - GTMSessionFetcher (3.5.0):
    - GTMSessionFetcher/Full (= 3.5.0)
  - GTMSessionFetcher/Core (3.5.0)
  - GTMSessionFetcher/Full (3.5.0):
    - GTMSessionFetcher/Core
  - image_picker_ios (0.0.1):
    - Flutter
  - location (0.0.1):
    - Flutter
  - path_provider_foundation (0.0.1):
    - Flutter
    - FlutterMacOS
  - url_launcher_ios (0.0.1):
    - Flutter

DEPENDENCIES:
  - Flutter (from `Flutter`)
  - flutter_facebook_auth (from `.symlinks/plugins/flutter_facebook_auth/ios`)
  - flutter_secure_storage (from `.symlinks/plugins/flutter_secure_storage/ios`)
  - google_maps_flutter_ios (from `.symlinks/plugins/google_maps_flutter_ios/ios`)
  - google_sign_in_ios (from `.symlinks/plugins/google_sign_in_ios/darwin`)
  - image_picker_ios (from `.symlinks/plugins/image_picker_ios/ios`)
  - location (from `.symlinks/plugins/location/ios`)
  - path_provider_foundation (from `.symlinks/plugins/path_provider_foundation/darwin`)
  - url_launcher_ios (from `.symlinks/plugins/url_launcher_ios/ios`)

SPEC REPOS:
  trunk:
    - AppAuth
    - FBAEMKit
    - FBSDKCoreKit
    - FBSDKCoreKit_Basics
    - FBSDKLoginKit
    - GoogleMaps
    - GoogleSignIn
    - GTMAppAuth
    - GTMSessionFetcher

EXTERNAL SOURCES:
  Flutter:
    :path: Flutter
  flutter_facebook_auth:
    :path: ".symlinks/plugins/flutter_facebook_auth/ios"
  flutter_secure_storage:
    :path: ".symlinks/plugins/flutter_secure_storage/ios"
  google_maps_flutter_ios:
    :path: ".symlinks/plugins/google_maps_flutter_ios/ios"
  google_sign_in_ios:
    :path: ".symlinks/plugins/google_sign_in_ios/darwin"
  image_picker_ios:
    :path: ".symlinks/plugins/image_picker_ios/ios"
  location:
    :path: ".symlinks/plugins/location/ios"
  path_provider_foundation:
    :path: ".symlinks/plugins/path_provider_foundation/darwin"
  url_launcher_ios:
    :path: ".symlinks/plugins/url_launcher_ios/ios"

SPEC CHECKSUMS:
  AppAuth: 501c04eda8a8d11f179dbe8637b7a91bb7e5d2fa
  FBAEMKit: 619f96ea65427e8afca240d5b0f4703738dfdf5c
  FBSDKCoreKit: a5f384db2e9ee84e98494fed8f983d2bd79accff
  FBSDKCoreKit_Basics: d35c775aaf243a2d731dfae7be3a74b1987285ab
  FBSDKLoginKit: f8ca5f7ab7c4e5b93e729d94975b0db7fcc511ed
  Flutter: e0871f40cf51350855a761d2e70bf5af5b9b5de7
  flutter_facebook_auth: 66188df7905bfcaf3d6d2bd6527302c56448f04d
  flutter_secure_storage: d33dac7ae2ea08509be337e775f6b59f1ff45f12
  google_maps_flutter_ios: c454f18e0e22df6ac0e9f2a4df340858f5a3680c
  google_sign_in_ios: 07375bfbf2620bc93a602c0e27160d6afc6ead38
  GoogleMaps: 8939898920281c649150e0af74aa291c60f2e77d
  GoogleSignIn: d4281ab6cf21542b1cfaff85c191f230b399d2db
  GTMAppAuth: f69bd07d68cd3b766125f7e072c45d7340dea0de
  GTMSessionFetcher: 5aea5ba6bd522a239e236100971f10cb71b96ab6
  image_picker_ios: c560581cceedb403a6ff17f2f816d7fea1421fc1
  location: d5cf8598915965547c3f36761ae9cc4f4e87d22e
  path_provider_foundation: 2b6b4c569c0fb62ec74538f866245ac84301af46
  url_launcher_ios: 5334b05cef931de560670eeae103fd3e431ac3fe

PODFILE CHECKSUM: dd1ef9b098d299a84152de2a58d0687ec2cf50ed

COCOAPODS: 1.15.2
